
Microsoft Visual Studio Solution File, Format Version 12.00
# Visual Studio 15
VisualStudioVersion = 15.0.28010.2041
MinimumVisualStudioVersion = 10.0.40219.1
Project("{8BC9CEB8-8B4A-11D0-8D11-00A0C91BC942}") = "genRam", "genRam\genRam.vcxproj", "{E8F6AAC5-2BB5-4BAA-8CF8-282F6A6CB4CD}"
EndProject
Global
	GlobalSection(SolutionConfigurationPlatforms) = preSolution
		Debug|x64 = Debug|x64
		Debug|x86 = Debug|x86
		Release|x64 = Release|x64
		Release|x86 = Release|x86
	EndGlobalSection
	GlobalSection(ProjectConfigurationPlatforms) = postSolution
		{E8F6AAC5-2BB5-4BAA-8CF8-282F6A6CB4CD}.Debug|x64.ActiveCfg = Debug|x64
		{E8F6AAC5-2BB5-4BAA-8CF8-282F6A6CB4CD}.Debug|x64.Build.0 = Debug|x64
		{E8F6AAC5-2BB5-4BAA-8CF8-282F6A6CB4CD}.Debug|x86.ActiveCfg = Debug|Win32
		{E8F6AAC5-2BB5-4BAA-8CF8-282F6A6CB4CD}.Debug|x86.Build.0 = Debug|Win32
		{E8F6AAC5-2BB5-4BAA-8CF8-282F6A6CB4CD}.Release|x64.ActiveCfg = Release|x64
		{E8F6AAC5-2BB5-4BAA-8CF8-282F6A6CB4CD}.Release|x64.Build.0 = Release|x64
		{E8F6AAC5-2BB5-4BAA-8CF8-282F6A6CB4CD}.Release|x86.ActiveCfg = Release|Win32
		{E8F6AAC5-2BB5-4BAA-8CF8-282F6A6CB4CD}.Release|x86.Build.0 = Release|Win32
	EndGlobalSection
	GlobalSection(SolutionProperties) = preSolution
		HideSolutionNode = FALSE
	EndGlobalSection
	GlobalSection(ExtensibilityGlobals) = postSolution
		SolutionGuid = {C54C4FE3-E45B-4554-827E-636615AFF7FB}
	EndGlobalSection
EndGlobal
